
Microsoft Visual Studio Solution File, Format Version 12.00
Project("{FAE04EC0-301F-11D3-BF4B-00C04F79EFBC}") = "WeatherApp", "WeatherApp\WeatherApp.csproj", "{D9255C63-92E0-4CC7-A0FC-62FD418CE790}"
EndProject
Global
	GlobalSection(SolutionConfigurationPlatforms) = preSolution
		Debug|Any CPU = Debug|Any CPU
		Release|Any CPU = Release|Any CPU
	EndGlobalSection
	GlobalSection(ProjectConfigurationPlatforms) = postSolution
		{D9255C63-92E0-4CC7-A0FC-62FD418CE790}.Debug|Any CPU.ActiveCfg = Debug|Any CPU
		{D9255C63-92E0-4CC7-A0FC-62FD418CE790}.Debug|Any CPU.Build.0 = Debug|Any CPU
		{D9255C63-92E0-4CC7-A0FC-62FD418CE790}.Release|Any CPU.ActiveCfg = Release|Any CPU
		{D9255C63-92E0-4CC7-A0FC-62FD418CE790}.Release|Any CPU.Build.0 = Release|Any CPU
	EndGlobalSection
EndGlobal
